// !$*UTF8*$!
{
	archiveVersion = 1;
	classes = {
	};
	objectVersion = 55;
	objects = {

/* Begin PBXBuildFile section */
		10D3BC1327634FF80057B731 /* AppDelegate.swift in Sources */ = {isa = PBXBuildFile; fileRef = 10D3BC1227634FF80057B731 /* AppDelegate.swift */; };
		10D3BC1527634FF90057B731 /* SceneDelegate.swift in Sources */ = {isa = PBXBuildFile; fileRef = 10D3BC1427634FF90057B731 /* SceneDelegate.swift */; };
		10D3BC1727634FF90057B731 /* ForecastViewController.swift in Sources */ = {isa = PBXBuildFile; fileRef = 10D3BC1627634FF90057B731 /* ForecastViewController.swift */; };
		10D3BC1A27634FF90057B731 /* Main.storyboard in Resources */ = {isa = PBXBuildFile; fileRef = 10D3BC1827634FF90057B731 /* Main.storyboard */; };
		10D3BC1D27634FF90057B731 /* weather.xcdatamodeld in Sources */ = {isa = PBXBuildFile; fileRef = 10D3BC1B27634FF90057B731 /* weather.xcdatamodeld */; };
		10D3BC1F27634FFA0057B731 /* Assets.xcassets in Resources */ = {isa = PBXBuildFile; fileRef = 10D3BC1E27634FFA0057B731 /* Assets.xcassets */; };
		10D3BC2227634FFA0057B731 /* LaunchScreen.storyboard in Resources */ = {isa = PBXBuildFile; fileRef = 10D3BC2027634FFA0057B731 /* LaunchScreen.storyboard */; };
		10D3BC2D27634FFA0057B731 /* weatherTests.swift in Sources */ = {isa = PBXBuildFile; fileRef = 10D3BC2C27634FFA0057B731 /* weatherTests.swift */; };
		10D3BC3727634FFA0057B731 /* weatherUITests.swift in Sources */ = {isa = PBXBuildFile; fileRef = 10D3BC3627634FFA0057B731 /* weatherUITests.swift */; };
		10D3BC3927634FFA0057B731 /* weatherUITestsLaunchTests.swift in Sources */ = {isa = PBXBuildFile; fileRef = 10D3BC3827634FFA0057B731 /* weatherUITestsLaunchTests.swift */; };
		10D3BC472763522F0057B731 /* SwiftMessages in Frameworks */ = {isa = PBXBuildFile; productRef = 10D3BC462763522F0057B731 /* SwiftMessages */; };
		10D3BC492763624B0057B731 /* App.swift in Sources */ = {isa = PBXBuildFile; fileRef = 10D3BC482763624B0057B731 /* App.swift */; };
		10D3BC4E2763660E0057B731 /* LocationSearchResponse.swift in Sources */ = {isa = PBXBuildFile; fileRef = 10D3BC4D2763660E0057B731 /* LocationSearchResponse.swift */; };
		10D3BC502763670A0057B731 /* CurrentWeatherResponse.swift in Sources */ = {isa = PBXBuildFile; fileRef = 10D3BC4F2763670A0057B731 /* CurrentWeatherResponse.swift */; };
		10D3BC5227636C910057B731 /* Logger.swift in Sources */ = {isa = PBXBuildFile; fileRef = 10D3BC5127636C910057B731 /* Logger.swift */; };
		10D3BC54276371B70057B731 /* WeatherManager.swift in Sources */ = {isa = PBXBuildFile; fileRef = 10D3BC53276371B70057B731 /* WeatherManager.swift */; };
		10D3BC572763EC800057B731 /* Decoders.swift in Sources */ = {isa = PBXBuildFile; fileRef = 10D3BC562763EC800057B731 /* Decoders.swift */; };
		10D3BC592763ECA40057B731 /* ApiReal.swift in Sources */ = {isa = PBXBuildFile; fileRef = 10D3BC582763ECA40057B731 /* ApiReal.swift */; };
		10D3BC5B2763ECC90057B731 /* ApiMock.swift in Sources */ = {isa = PBXBuildFile; fileRef = 10D3BC5A2763ECC90057B731 /* ApiMock.swift */; };
		10D3BC5D2763ED0E0057B731 /* Api.swift in Sources */ = {isa = PBXBuildFile; fileRef = 10D3BC5C2763ED0E0057B731 /* Api.swift */; };
		10D3BC5F276408DE0057B731 /* DataManager.swift in Sources */ = {isa = PBXBuildFile; fileRef = 10D3BC5E276408DE0057B731 /* DataManager.swift */; };
		10D3BC62276423460057B731 /* Cells.swift in Sources */ = {isa = PBXBuildFile; fileRef = 10D3BC61276423460057B731 /* Cells.swift */; };
		10D3BC642764B2F40057B731 /* WeatherHeader.xib in Resources */ = {isa = PBXBuildFile; fileRef = 10D3BC632764B2F40057B731 /* WeatherHeader.xib */; };
		10D3BC672765B6E30057B731 /* CurrentWeather+CoreDataClass.swift in Sources */ = {isa = PBXBuildFile; fileRef = 10D3BC652765B6E30057B731 /* CurrentWeather+CoreDataClass.swift */; };
/* End PBXBuildFile section */

/* Begin PBXContainerItemProxy section */
		10D3BC2927634FFA0057B731 /* PBXContainerItemProxy */ = {
			isa = PBXContainerItemProxy;
			containerPortal = 10D3BC0727634FF80057B731 /* Project object */;
			proxyType = 1;
			remoteGlobalIDString = 10D3BC0E27634FF80057B731;
			remoteInfo = weather;
		};
		10D3BC3327634FFA0057B731 /* PBXContainerItemProxy */ = {
			isa = PBXContainerItemProxy;
			containerPortal = 10D3BC0727634FF80057B731 /* Project object */;
			proxyType = 1;
			remoteGlobalIDString = 10D3BC0E27634FF80057B731;
			remoteInfo = weather;
		};
/* End PBXContainerItemProxy section */

/* Begin PBXFileReference section */
		10D3BC0F27634FF80057B731 /* weather.app */ = {isa = PBXFileReference; explicitFileType = wrapper.application; includeInIndex = 0; path = weather.app; sourceTree = BUILT_PRODUCTS_DIR; };
		10D3BC1227634FF80057B731 /* AppDelegate.swift */ = {isa = PBXFileReference; lastKnownFileType = sourcecode.swift; path = AppDelegate.swift; sourceTree = "<group>"; };
		10D3BC1427634FF90057B731 /* SceneDelegate.swift */ = {isa = PBXFileReference; lastKnownFileType = sourcecode.swift; path = SceneDelegate.swift; sourceTree = "<group>"; };
		10D3BC1627634FF90057B731 /* ForecastViewController.swift */ = {isa = PBXFileReference; lastKnownFileType = sourcecode.swift; path = ForecastViewController.swift; sourceTree = "<group>"; };
		10D3BC1927634FF90057B731 /* Base */ = {isa = PBXFileReference; lastKnownFileType = file.storyboard; name = Base; path = Base.lproj/Main.storyboard; sourceTree = "<group>"; };
		10D3BC1C27634FF90057B731 /* weather.xcdatamodel */ = {isa = PBXFileReference; lastKnownFileType = wrapper.xcdatamodel; path = weather.xcdatamodel; sourceTree = "<group>"; };
		10D3BC1E27634FFA0057B731 /* Assets.xcassets */ = {isa = PBXFileReference; lastKnownFileType = folder.assetcatalog; path = Assets.xcassets; sourceTree = "<group>"; };
		10D3BC2127634FFA0057B731 /* Base */ = {isa = PBXFileReference; lastKnownFileType = file.storyboard; name = Base; path = Base.lproj/LaunchScreen.storyboard; sourceTree = "<group>"; };
		10D3BC2327634FFA0057B731 /* Info.plist */ = {isa = PBXFileReference; lastKnownFileType = text.plist.xml; path = Info.plist; sourceTree = "<group>"; };
		10D3BC2827634FFA0057B731 /* weatherTests.xctest */ = {isa = PBXFileReference; explicitFileType = wrapper.cfbundle; includeInIndex = 0; path = weatherTests.xctest; sourceTree = BUILT_PRODUCTS_DIR; };
		10D3BC2C27634FFA0057B731 /* weatherTests.swift */ = {isa = PBXFileReference; lastKnownFileType = sourcecode.swift; path = weatherTests.swift; sourceTree = "<group>"; };
		10D3BC3227634FFA0057B731 /* weatherUITests.xctest */ = {isa = PBXFileReference; explicitFileType = wrapper.cfbundle; includeInIndex = 0; path = weatherUITests.xctest; sourceTree = BUILT_PRODUCTS_DIR; };
		10D3BC3627634FFA0057B731 /* weatherUITests.swift */ = {isa = PBXFileReference; lastKnownFileType = sourcecode.swift; path = weatherUITests.swift; sourceTree = "<group>"; };
		10D3BC3827634FFA0057B731 /* weatherUITestsLaunchTests.swift */ = {isa = PBXFileReference; lastKnownFileType = sourcecode.swift; path = weatherUITestsLaunchTests.swift; sourceTree = "<group>"; };
		10D3BC482763624B0057B731 /* App.swift */ = {isa = PBXFileReference; lastKnownFileType = sourcecode.swift; path = App.swift; sourceTree = "<group>"; };
		10D3BC4D2763660E0057B731 /* LocationSearchResponse.swift */ = {isa = PBXFileReference; lastKnownFileType = sourcecode.swift; path = LocationSearchResponse.swift; sourceTree = "<group>"; };
		10D3BC4F2763670A0057B731 /* CurrentWeatherResponse.swift */ = {isa = PBXFileReference; lastKnownFileType = sourcecode.swift; path = CurrentWeatherResponse.swift; sourceTree = "<group>"; };
		10D3BC5127636C910057B731 /* Logger.swift */ = {isa = PBXFileReference; lastKnownFileType = sourcecode.swift; path = Logger.swift; sourceTree = "<group>"; };
		10D3BC53276371B70057B731 /* WeatherManager.swift */ = {isa = PBXFileReference; lastKnownFileType = sourcecode.swift; path = WeatherManager.swift; sourceTree = "<group>"; };
		10D3BC562763EC800057B731 /* Decoders.swift */ = {isa = PBXFileReference; lastKnownFileType = sourcecode.swift; path = Decoders.swift; sourceTree = "<group>"; };
		10D3BC582763ECA40057B731 /* ApiReal.swift */ = {isa = PBXFileReference; lastKnownFileType = sourcecode.swift; path = ApiReal.swift; sourceTree = "<group>"; };
		10D3BC5A2763ECC90057B731 /* ApiMock.swift */ = {isa = PBXFileReference; lastKnownFileType = sourcecode.swift; path = ApiMock.swift; sourceTree = "<group>"; };
		10D3BC5C2763ED0E0057B731 /* Api.swift */ = {isa = PBXFileReference; fileEncoding = 4; lastKnownFileType = sourcecode.swift; path = Api.swift; sourceTree = "<group>"; };
		10D3BC5E276408DE0057B731 /* DataManager.swift */ = {isa = PBXFileReference; lastKnownFileType = sourcecode.swift; path = DataManager.swift; sourceTree = "<group>"; };
		10D3BC61276423460057B731 /* Cells.swift */ = {isa = PBXFileReference; lastKnownFileType = sourcecode.swift; path = Cells.swift; sourceTree = "<group>"; };
		10D3BC632764B2F40057B731 /* WeatherHeader.xib */ = {isa = PBXFileReference; lastKnownFileType = file.xib; path = WeatherHeader.xib; sourceTree = "<group>"; };
		10D3BC652765B6E30057B731 /* CurrentWeather+CoreDataClass.swift */ = {isa = PBXFileReference; lastKnownFileType = sourcecode.swift; name = "CurrentWeather+CoreDataClass.swift"; path = "weather/Data/CurrentWeather+CoreDataClass.swift"; sourceTree = "<group>"; };
/* End PBXFileReference section */

/* Begin PBXFrameworksBuildPhase section */
		10D3BC0C27634FF80057B731 /* Frameworks */ = {
			isa = PBXFrameworksBuildPhase;
			buildActionMask = 2147483647;
			files = (
				10D3BC472763522F0057B731 /* SwiftMessages in Frameworks */,
			);
			runOnlyForDeploymentPostprocessing = 0;
		};
		10D3BC2527634FFA0057B731 /* Frameworks */ = {
			isa = PBXFrameworksBuildPhase;
			buildActionMask = 2147483647;
			files = (
			);
			runOnlyForDeploymentPostprocessing = 0;
		};
		10D3BC2F27634FFA0057B731 /* Frameworks */ = {
			isa = PBXFrameworksBuildPhase;
			buildActionMask = 2147483647;
			files = (
			);
			runOnlyForDeploymentPostprocessing = 0;
		};
/* End PBXFrameworksBuildPhase section */

/* Begin PBXGroup section */
		10D3BC0627634FF80057B731 = {
			isa = PBXGroup;
			children = (
				10D3BC652765B6E30057B731 /* CurrentWeather+CoreDataClass.swift */,
				10D3BC1127634FF80057B731 /* weather */,
				10D3BC2B27634FFA0057B731 /* weatherTests */,
				10D3BC3527634FFA0057B731 /* weatherUITests */,
				10D3BC1027634FF80057B731 /* Products */,
			);
			sourceTree = "<group>";
		};
		10D3BC1027634FF80057B731 /* Products */ = {
			isa = PBXGroup;
			children = (
				10D3BC0F27634FF80057B731 /* weather.app */,
				10D3BC2827634FFA0057B731 /* weatherTests.xctest */,
				10D3BC3227634FFA0057B731 /* weatherUITests.xctest */,
			);
			name = Products;
			sourceTree = "<group>";
		};
		10D3BC1127634FF80057B731 /* weather */ = {
			isa = PBXGroup;
			children = (
				10D3BC60276423340057B731 /* UI */,
				10D3BC552763EC580057B731 /* Api */,
				10D3BC4C2763657F0057B731 /* Data */,
				10D3BC1227634FF80057B731 /* AppDelegate.swift */,
				10D3BC53276371B70057B731 /* WeatherManager.swift */,
				10D3BC1427634FF90057B731 /* SceneDelegate.swift */,
				10D3BC1E27634FFA0057B731 /* Assets.xcassets */,
				10D3BC2027634FFA0057B731 /* LaunchScreen.storyboard */,
				10D3BC2327634FFA0057B731 /* Info.plist */,
				10D3BC1B27634FF90057B731 /* weather.xcdatamodeld */,
				10D3BC482763624B0057B731 /* App.swift */,
				10D3BC5127636C910057B731 /* Logger.swift */,
			);
			path = weather;
			sourceTree = "<group>";
		};
		10D3BC2B27634FFA0057B731 /* weatherTests */ = {
			isa = PBXGroup;
			children = (
				10D3BC2C27634FFA0057B731 /* weatherTests.swift */,
			);
			path = weatherTests;
			sourceTree = "<group>";
		};
		10D3BC3527634FFA0057B731 /* weatherUITests */ = {
			isa = PBXGroup;
			children = (
				10D3BC3627634FFA0057B731 /* weatherUITests.swift */,
				10D3BC3827634FFA0057B731 /* weatherUITestsLaunchTests.swift */,
			);
			path = weatherUITests;
			sourceTree = "<group>";
		};
		10D3BC4C2763657F0057B731 /* Data */ = {
			isa = PBXGroup;
			children = (
				10D3BC4D2763660E0057B731 /* LocationSearchResponse.swift */,
				10D3BC4F2763670A0057B731 /* CurrentWeatherResponse.swift */,
				10D3BC5E276408DE0057B731 /* DataManager.swift */,
			);
			path = Data;
			sourceTree = "<group>";
		};
		10D3BC552763EC580057B731 /* Api */ = {
			isa = PBXGroup;
			children = (
				10D3BC5C2763ED0E0057B731 /* Api.swift */,
				10D3BC562763EC800057B731 /* Decoders.swift */,
				10D3BC582763ECA40057B731 /* ApiReal.swift */,
				10D3BC5A2763ECC90057B731 /* ApiMock.swift */,
			);
			path = Api;
			sourceTree = "<group>";
		};
		10D3BC60276423340057B731 /* UI */ = {
			isa = PBXGroup;
			children = (
				10D3BC1827634FF90057B731 /* Main.storyboard */,
				10D3BC1627634FF90057B731 /* ForecastViewController.swift */,
				10D3BC61276423460057B731 /* Cells.swift */,
				10D3BC632764B2F40057B731 /* WeatherHeader.xib */,
			);
			path = UI;
			sourceTree = "<group>";
		};
/* End PBXGroup section */

/* Begin PBXNativeTarget section */
		10D3BC0E27634FF80057B731 /* weather */ = {
			isa = PBXNativeTarget;
			buildConfigurationList = 10D3BC3C27634FFA0057B731 /* Build configuration list for PBXNativeTarget "weather" */;
			buildPhases = (
				10D3BC0B27634FF80057B731 /* Sources */,
				10D3BC0C27634FF80057B731 /* Frameworks */,
				10D3BC0D27634FF80057B731 /* Resources */,
			);
			buildRules = (
			);
			dependencies = (
			);
			name = weather;
			packageProductDependencies = (
				10D3BC462763522F0057B731 /* SwiftMessages */,
			);
			productName = weather;
			productReference = 10D3BC0F27634FF80057B731 /* weather.app */;
			productType = "com.apple.product-type.application";
		};
		10D3BC2727634FFA0057B731 /* weatherTests */ = {
			isa = PBXNativeTarget;
			buildConfigurationList = 10D3BC3F27634FFA0057B731 /* Build configuration list for PBXNativeTarget "weatherTests" */;
			buildPhases = (
				10D3BC2427634FFA0057B731 /* Sources */,
				10D3BC2527634FFA0057B731 /* Frameworks */,
				10D3BC2627634FFA0057B731 /* Resources */,
			);
			buildRules = (
			);
			dependencies = (
				10D3BC2A27634FFA0057B731 /* PBXTargetDependency */,
			);
			name = weatherTests;
			productName = weatherTests;
			productReference = 10D3BC2827634FFA0057B731 /* weatherTests.xctest */;
			productType = "com.apple.product-type.bundle.unit-test";
		};
		10D3BC3127634FFA0057B731 /* weatherUITests */ = {
			isa = PBXNativeTarget;
			buildConfigurationList = 10D3BC4227634FFA0057B731 /* Build configuration list for PBXNativeTarget "weatherUITests" */;
			buildPhases = (
				10D3BC2E27634FFA0057B731 /* Sources */,
				10D3BC2F27634FFA0057B731 /* Frameworks */,
				10D3BC3027634FFA0057B731 /* Resources */,
			);
			buildRules = (
			);
			dependencies = (
				10D3BC3427634FFA0057B731 /* PBXTargetDependency */,
			);
			name = weatherUITests;
			productName = weatherUITests;
			productReference = 10D3BC3227634FFA0057B731 /* weatherUITests.xctest */;
			productType = "com.apple.product-type.bundle.ui-testing";
		};
/* End PBXNativeTarget section */

/* Begin PBXProject section */
		10D3BC0727634FF80057B731 /* Project object */ = {
			isa = PBXProject;
			attributes = {
				BuildIndependentTargetsInParallel = 1;
				LastSwiftUpdateCheck = 1320;
				LastUpgradeCheck = 1320;
				TargetAttributes = {
					10D3BC0E27634FF80057B731 = {
						CreatedOnToolsVersion = 13.2;
					};
					10D3BC2727634FFA0057B731 = {
						CreatedOnToolsVersion = 13.2;
						TestTargetID = 10D3BC0E27634FF80057B731;
					};
					10D3BC3127634FFA0057B731 = {
						CreatedOnToolsVersion = 13.2;
						TestTargetID = 10D3BC0E27634FF80057B731;
					};
				};
			};
			buildConfigurationList = 10D3BC0A27634FF80057B731 /* Build configuration list for PBXProject "weather" */;
			compatibilityVersion = "Xcode 13.0";
			developmentRegion = en;
			hasScannedForEncodings = 0;
			knownRegions = (
				en,
				Base,
			);
			mainGroup = 10D3BC0627634FF80057B731;
			packageReferences = (
				10D3BC452763522F0057B731 /* XCRemoteSwiftPackageReference "SwiftMessages" */,
			);
			productRefGroup = 10D3BC1027634FF80057B731 /* Products */;
			projectDirPath = "";
			projectRoot = "";
			targets = (
				10D3BC0E27634FF80057B731 /* weather */,
				10D3BC2727634FFA0057B731 /* weatherTests */,
				10D3BC3127634FFA0057B731 /* weatherUITests */,
			);
		};
/* End PBXProject section */

/* Begin PBXResourcesBuildPhase section */
		10D3BC0D27634FF80057B731 /* Resources */ = {
			isa = PBXResourcesBuildPhase;
			buildActionMask = 2147483647;
			files = (
				10D3BC642764B2F40057B731 /* WeatherHeader.xib in Resources */,
				10D3BC2227634FFA0057B731 /* LaunchScreen.storyboard in Resources */,
				10D3BC1F27634FFA0057B731 /* Assets.xcassets in Resources */,
				10D3BC1A27634FF90057B731 /* Main.storyboard in Resources */,
			);
			runOnlyForDeploymentPostprocessing = 0;
		};
		10D3BC2627634FFA0057B731 /* Resources */ = {
			isa = PBXResourcesBuildPhase;
			buildActionMask = 2147483647;
			files = (
			);
			runOnlyForDeploymentPostprocessing = 0;
		};
		10D3BC3027634FFA0057B731 /* Resources */ = {
			isa = PBXResourcesBuildPhase;
			buildActionMask = 2147483647;
			files = (
			);
			runOnlyForDeploymentPostprocessing = 0;
		};
/* End PBXResourcesBuildPhase section */

/* Begin PBXSourcesBuildPhase section */
		10D3BC0B27634FF80057B731 /* Sources */ = {
			isa = PBXSourcesBuildPhase;
			buildActionMask = 2147483647;
			files = (
				10D3BC4E2763660E0057B731 /* LocationSearchResponse.swift in Sources */,
				10D3BC572763EC800057B731 /* Decoders.swift in Sources */,
				10D3BC5B2763ECC90057B731 /* ApiMock.swift in Sources */,
				10D3BC5F276408DE0057B731 /* DataManager.swift in Sources */,
				10D3BC672765B6E30057B731 /* CurrentWeather+CoreDataClass.swift in Sources */,
				10D3BC62276423460057B731 /* Cells.swift in Sources */,
				10D3BC502763670A0057B731 /* CurrentWeatherResponse.swift in Sources */,
				10D3BC54276371B70057B731 /* WeatherManager.swift in Sources */,
				10D3BC1D27634FF90057B731 /* weather.xcdatamodeld in Sources */,
				10D3BC5D2763ED0E0057B731 /* Api.swift in Sources */,
				10D3BC1727634FF90057B731 /* ForecastViewController.swift in Sources */,
				10D3BC1327634FF80057B731 /* AppDelegate.swift in Sources */,
				10D3BC492763624B0057B731 /* App.swift in Sources */,
				10D3BC5227636C910057B731 /* Logger.swift in Sources */,
				10D3BC592763ECA40057B731 /* ApiReal.swift in Sources */,
				10D3BC1527634FF90057B731 /* SceneDelegate.swift in Sources */,
			);
			runOnlyForDeploymentPostprocessing = 0;
		};
		10D3BC2427634FFA0057B731 /* Sources */ = {
			isa = PBXSourcesBuildPhase;
			buildActionMask = 2147483647;
			files = (
				10D3BC2D27634FFA0057B731 /* weatherTests.swift in Sources */,
			);
			runOnlyForDeploymentPostprocessing = 0;
		};
		10D3BC2E27634FFA0057B731 /* Sources */ = {
			isa = PBXSourcesBuildPhase;
			buildActionMask = 2147483647;
			files = (
				10D3BC3727634FFA0057B731 /* weatherUITests.swift in Sources */,
				10D3BC3927634FFA0057B731 /* weatherUITestsLaunchTests.swift in Sources */,
			);
			runOnlyForDeploymentPostprocessing = 0;
		};
/* End PBXSourcesBuildPhase section */

/* Begin PBXTargetDependency section */
		10D3BC2A27634FFA0057B731 /* PBXTargetDependency */ = {
			isa = PBXTargetDependency;
			target = 10D3BC0E27634FF80057B731 /* weather */;
			targetProxy = 10D3BC2927634FFA0057B731 /* PBXContainerItemProxy */;
		};
		10D3BC3427634FFA0057B731 /* PBXTargetDependency */ = {
			isa = PBXTargetDependency;
			target = 10D3BC0E27634FF80057B731 /* weather */;
			targetProxy = 10D3BC3327634FFA0057B731 /* PBXContainerItemProxy */;
		};
/* End PBXTargetDependency section */

/* Begin PBXVariantGroup section */
		10D3BC1827634FF90057B731 /* Main.storyboard */ = {
			isa = PBXVariantGroup;
			children = (
				10D3BC1927634FF90057B731 /* Base */,
			);
			name = Main.storyboard;
			sourceTree = "<group>";
		};
		10D3BC2027634FFA0057B731 /* LaunchScreen.storyboard */ = {
			isa = PBXVariantGroup;
			children = (
				10D3BC2127634FFA0057B731 /* Base */,
			);
			name = LaunchScreen.storyboard;
			sourceTree = "<group>";
		};
/* End PBXVariantGroup section */

/* Begin XCBuildConfiguration section */
		10D3BC3A27634FFA0057B731 /* Debug */ = {
			isa = XCBuildConfiguration;
			buildSettings = {
				ALWAYS_SEARCH_USER_PATHS = NO;
				CLANG_ANALYZER_NONNULL = YES;
				CLANG_ANALYZER_NUMBER_OBJECT_CONVERSION = YES_AGGRESSIVE;
				CLANG_CXX_LANGUAGE_STANDARD = "gnu++17";
				CLANG_CXX_LIBRARY = "libc++";
				CLANG_ENABLE_MODULES = YES;
				CLANG_ENABLE_OBJC_ARC = YES;
				CLANG_ENABLE_OBJC_WEAK = YES;
				CLANG_WARN_BLOCK_CAPTURE_AUTORELEASING = YES;
				CLANG_WARN_BOOL_CONVERSION = YES;
				CLANG_WARN_COMMA = YES;
				CLANG_WARN_CONSTANT_CONVERSION = YES;
				CLANG_WARN_DEPRECATED_OBJC_IMPLEMENTATIONS = YES;
				CLANG_WARN_DIRECT_OBJC_ISA_USAGE = YES_ERROR;
				CLANG_WARN_DOCUMENTATION_COMMENTS = YES;
				CLANG_WARN_EMPTY_BODY = YES;
				CLANG_WARN_ENUM_CONVERSION = YES;
				CLANG_WARN_INFINITE_RECURSION = YES;
				CLANG_WARN_INT_CONVERSION = YES;
				CLANG_WARN_NON_LITERAL_NULL_CONVERSION = YES;
				CLANG_WARN_OBJC_IMPLICIT_RETAIN_SELF = YES;
				CLANG_WARN_OBJC_LITERAL_CONVERSION = YES;
				CLANG_WARN_OBJC_ROOT_CLASS = YES_ERROR;
				CLANG_WARN_QUOTED_INCLUDE_IN_FRAMEWORK_HEADER = YES;
				CLANG_WARN_RANGE_LOOP_ANALYSIS = YES;
				CLANG_WARN_STRICT_PROTOTYPES = YES;
				CLANG_WARN_SUSPICIOUS_MOVE = YES;
				CLANG_WARN_UNGUARDED_AVAILABILITY = YES_AGGRESSIVE;
				CLANG_WARN_UNREACHABLE_CODE = YES;
				CLANG_WARN__DUPLICATE_METHOD_MATCH = YES;
				COPY_PHASE_STRIP = NO;
				DEBUG_INFORMATION_FORMAT = dwarf;
				ENABLE_STRICT_OBJC_MSGSEND = YES;
				ENABLE_TESTABILITY = YES;
				GCC_C_LANGUAGE_STANDARD = gnu11;
				GCC_DYNAMIC_NO_PIC = NO;
				GCC_NO_COMMON_BLOCKS = YES;
				GCC_OPTIMIZATION_LEVEL = 0;
				GCC_PREPROCESSOR_DEFINITIONS = (
					"DEBUG=1",
					"$(inherited)",
				);
				GCC_WARN_64_TO_32_BIT_CONVERSION = YES;
				GCC_WARN_ABOUT_RETURN_TYPE = YES_ERROR;
				GCC_WARN_UNDECLARED_SELECTOR = YES;
				GCC_WARN_UNINITIALIZED_AUTOS = YES_AGGRESSIVE;
				GCC_WARN_UNUSED_FUNCTION = YES;
				GCC_WARN_UNUSED_VARIABLE = YES;
				IPHONEOS_DEPLOYMENT_TARGET = 15.2;
				MTL_ENABLE_DEBUG_INFO = INCLUDE_SOURCE;
				MTL_FAST_MATH = YES;
				ONLY_ACTIVE_ARCH = YES;
				SDKROOT = iphoneos;
				SWIFT_ACTIVE_COMPILATION_CONDITIONS = DEBUG;
				SWIFT_OPTIMIZATION_LEVEL = "-Onone";
			};
			name = Debug;
		};
		10D3BC3B27634FFA0057B731 /* Release */ = {
			isa = XCBuildConfiguration;
			buildSettings = {
				ALWAYS_SEARCH_USER_PATHS = NO;
				CLANG_ANALYZER_NONNULL = YES;
				CLANG_ANALYZER_NUMBER_OBJECT_CONVERSION = YES_AGGRESSIVE;
				CLANG_CXX_LANGUAGE_STANDARD = "gnu++17";
				CLANG_CXX_LIBRARY = "libc++";
				CLANG_ENABLE_MODULES = YES;
				CLANG_ENABLE_OBJC_ARC = YES;
				CLANG_ENABLE_OBJC_WEAK = YES;
				CLANG_WARN_BLOCK_CAPTURE_AUTORELEASING = YES;
				CLANG_WARN_BOOL_CONVERSION = YES;
				CLANG_WARN_COMMA = YES;
				CLANG_WARN_CONSTANT_CONVERSION = YES;
				CLANG_WARN_DEPRECATED_OBJC_IMPLEMENTATIONS = YES;
				CLANG_WARN_DIRECT_OBJC_ISA_USAGE = YES_ERROR;
				CLANG_WARN_DOCUMENTATION_COMMENTS = YES;
				CLANG_WARN_EMPTY_BODY = YES;
				CLANG_WARN_ENUM_CONVERSION = YES;
				CLANG_WARN_INFINITE_RECURSION = YES;
				CLANG_WARN_INT_CONVERSION = YES;
				CLANG_WARN_NON_LITERAL_NULL_CONVERSION = YES;
				CLANG_WARN_OBJC_IMPLICIT_RETAIN_SELF = YES;
				CLANG_WARN_OBJC_LITERAL_CONVERSION = YES;
				CLANG_WARN_OBJC_ROOT_CLASS = YES_ERROR;
				CLANG_WARN_QUOTED_INCLUDE_IN_FRAMEWORK_HEADER = YES;
				CLANG_WARN_RANGE_LOOP_ANALYSIS = YES;
				CLANG_WARN_STRICT_PROTOTYPES = YES;
				CLANG_WARN_SUSPICIOUS_MOVE = YES;
				CLANG_WARN_UNGUARDED_AVAILABILITY = YES_AGGRESSIVE;
				CLANG_WARN_UNREACHABLE_CODE = YES;
				CLANG_WARN__DUPLICATE_METHOD_MATCH = YES;
				COPY_PHASE_STRIP = NO;
				DEBUG_INFORMATION_FORMAT = "dwarf-with-dsym";
				ENABLE_NS_ASSERTIONS = NO;
				ENABLE_STRICT_OBJC_MSGSEND = YES;
				GCC_C_LANGUAGE_STANDARD = gnu11;
				GCC_NO_COMMON_BLOCKS = YES;
				GCC_WARN_64_TO_32_BIT_CONVERSION = YES;
				GCC_WARN_ABOUT_RETURN_TYPE = YES_ERROR;
				GCC_WARN_UNDECLARED_SELECTOR = YES;
				GCC_WARN_UNINITIALIZED_AUTOS = YES_AGGRESSIVE;
				GCC_WARN_UNUSED_FUNCTION = YES;
				GCC_WARN_UNUSED_VARIABLE = YES;
				IPHONEOS_DEPLOYMENT_TARGET = 15.2;
				MTL_ENABLE_DEBUG_INFO = NO;
				MTL_FAST_MATH = YES;
				SDKROOT = iphoneos;
				SWIFT_COMPILATION_MODE = wholemodule;
				SWIFT_OPTIMIZATION_LEVEL = "-O";
				VALIDATE_PRODUCT = YES;
			};
			name = Release;
		};
		10D3BC3D27634FFA0057B731 /* Debug */ = {
			isa = XCBuildConfiguration;
			buildSettings = {
				ASSETCATALOG_COMPILER_APPICON_NAME = AppIcon;
				ASSETCATALOG_COMPILER_GLOBAL_ACCENT_COLOR_NAME = AccentColor;
				CODE_SIGN_STYLE = Automatic;
				CURRENT_PROJECT_VERSION = 1;
				DEVELOPMENT_TEAM = 853LQY62R3;
				GENERATE_INFOPLIST_FILE = YES;
				INFOPLIST_FILE = weather/Info.plist;
				INFOPLIST_KEY_UIApplicationSupportsIndirectInputEvents = YES;
				INFOPLIST_KEY_UILaunchStoryboardName = LaunchScreen;
				INFOPLIST_KEY_UIMainStoryboardFile = Main;
				INFOPLIST_KEY_UISupportedInterfaceOrientations_iPad = "UIInterfaceOrientationPortrait UIInterfaceOrientationPortraitUpsideDown UIInterfaceOrientationLandscapeLeft UIInterfaceOrientationLandscapeRight";
				INFOPLIST_KEY_UISupportedInterfaceOrientations_iPhone = "UIInterfaceOrientationPortrait UIInterfaceOrientationLandscapeLeft UIInterfaceOrientationLandscapeRight";
				LD_RUNPATH_SEARCH_PATHS = (
					"$(inherited)",
					"@executable_path/Frameworks",
				);
				MARKETING_VERSION = 1.0;
				PRODUCT_BUNDLE_IDENTIFIER = JG.weather;
				PRODUCT_NAME = "$(TARGET_NAME)";
				SWIFT_EMIT_LOC_STRINGS = YES;
				SWIFT_VERSION = 5.0;
				TARGETED_DEVICE_FAMILY = "1,2";
			};
			name = Debug;
		};
		10D3BC3E27634FFA0057B731 /* Release */ = {
			isa = XCBuildConfiguration;
			buildSettings = {
				ASSETCATALOG_COMPILER_APPICON_NAME = AppIcon;
				ASSETCATALOG_COMPILER_GLOBAL_ACCENT_COLOR_NAME = AccentColor;
				CODE_SIGN_STYLE = Automatic;
				CURRENT_PROJECT_VERSION = 1;
				DEVELOPMENT_TEAM = 853LQY62R3;
				GENERATE_INFOPLIST_FILE = YES;
				INFOPLIST_FILE = weather/Info.plist;
				INFOPLIST_KEY_UIApplicationSupportsIndirectInputEvents = YES;
				INFOPLIST_KEY_UILaunchStoryboardName = LaunchScreen;
				INFOPLIST_KEY_UIMainStoryboardFile = Main;
				INFOPLIST_KEY_UISupportedInterfaceOrientations_iPad = "UIInterfaceOrientationPortrait UIInterfaceOrientationPortraitUpsideDown UIInterfaceOrientationLandscapeLeft UIInterfaceOrientationLandscapeRight";
				INFOPLIST_KEY_UISupportedInterfaceOrientations_iPhone = "UIInterfaceOrientationPortrait UIInterfaceOrientationLandscapeLeft UIInterfaceOrientationLandscapeRight";
				LD_RUNPATH_SEARCH_PATHS = (
					"$(inherited)",
					"@executable_path/Frameworks",
				);
				MARKETING_VERSION = 1.0;
				PRODUCT_BUNDLE_IDENTIFIER = JG.weather;
				PRODUCT_NAME = "$(TARGET_NAME)";
				SWIFT_EMIT_LOC_STRINGS = YES;
				SWIFT_VERSION = 5.0;
				TARGETED_DEVICE_FAMILY = "1,2";
			};
			name = Release;
		};
		10D3BC4027634FFA0057B731 /* Debug */ = {
			isa = XCBuildConfiguration;
			buildSettings = {
				ALWAYS_EMBED_SWIFT_STANDARD_LIBRARIES = YES;
				BUNDLE_LOADER = "$(TEST_HOST)";
				CODE_SIGN_STYLE = Automatic;
				CURRENT_PROJECT_VERSION = 1;
				DEVELOPMENT_TEAM = 853LQY62R3;
				GENERATE_INFOPLIST_FILE = YES;
				IPHONEOS_DEPLOYMENT_TARGET = 15.2;
				MARKETING_VERSION = 1.0;
				PRODUCT_BUNDLE_IDENTIFIER = JG.weatherTests;
				PRODUCT_NAME = "$(TARGET_NAME)";
				SWIFT_EMIT_LOC_STRINGS = NO;
				SWIFT_VERSION = 5.0;
				TARGETED_DEVICE_FAMILY = "1,2";
				TEST_HOST = "$(BUILT_PRODUCTS_DIR)/weather.app/weather";
			};
			name = Debug;
		};
		10D3BC4127634FFA0057B731 /* Release */ = {
			isa = XCBuildConfiguration;
			buildSettings = {
				ALWAYS_EMBED_SWIFT_STANDARD_LIBRARIES = YES;
				BUNDLE_LOADER = "$(TEST_HOST)";
				CODE_SIGN_STYLE = Automatic;
				CURRENT_PROJECT_VERSION = 1;
				DEVELOPMENT_TEAM = 853LQY62R3;
				GENERATE_INFOPLIST_FILE = YES;
				IPHONEOS_DEPLOYMENT_TARGET = 15.2;
				MARKETING_VERSION = 1.0;
				PRODUCT_BUNDLE_IDENTIFIER = JG.weatherTests;
				PRODUCT_NAME = "$(TARGET_NAME)";
				SWIFT_EMIT_LOC_STRINGS = NO;
				SWIFT_VERSION = 5.0;
				TARGETED_DEVICE_FAMILY = "1,2";
				TEST_HOST = "$(BUILT_PRODUCTS_DIR)/weather.app/weather";
			};
			name = Release;
		};
		10D3BC4327634FFA0057B731 /* Debug */ = {
			isa = XCBuildConfiguration;
			buildSettings = {
				ALWAYS_EMBED_SWIFT_STANDARD_LIBRARIES = YES;
				CODE_SIGN_STYLE = Automatic;
				CURRENT_PROJECT_VERSION = 1;
				DEVELOPMENT_TEAM = 853LQY62R3;
				GENERATE_INFOPLIST_FILE = YES;
				MARKETING_VERSION = 1.0;
				PRODUCT_BUNDLE_IDENTIFIER = JG.weatherUITests;
				PRODUCT_NAME = "$(TARGET_NAME)";
				SWIFT_EMIT_LOC_STRINGS = NO;
				SWIFT_VERSION = 5.0;
				TARGETED_DEVICE_FAMILY = "1,2";
				TEST_TARGET_NAME = weather;
			};
			name = Debug;
		};
		10D3BC4427634FFA0057B731 /* Release */ = {
			isa = XCBuildConfiguration;
			buildSettings = {
				ALWAYS_EMBED_SWIFT_STANDARD_LIBRARIES = YES;
				CODE_SIGN_STYLE = Automatic;
				CURRENT_PROJECT_VERSION = 1;
				DEVELOPMENT_TEAM = 853LQY62R3;
				GENERATE_INFOPLIST_FILE = YES;
				MARKETING_VERSION = 1.0;
				PRODUCT_BUNDLE_IDENTIFIER = JG.weatherUITests;
				PRODUCT_NAME = "$(TARGET_NAME)";
				SWIFT_EMIT_LOC_STRINGS = NO;
				SWIFT_VERSION = 5.0;
				TARGETED_DEVICE_FAMILY = "1,2";
				TEST_TARGET_NAME = weather;
			};
			name = Release;
		};
/* End XCBuildConfiguration section */

/* Begin XCConfigurationList section */
		10D3BC0A27634FF80057B731 /* Build configuration list for PBXProject "weather" */ = {
			isa = XCConfigurationList;
			buildConfigurations = (
				10D3BC3A27634FFA0057B731 /* Debug */,
				10D3BC3B27634FFA0057B731 /* Release */,
			);
			defaultConfigurationIsVisible = 0;
			defaultConfigurationName = Release;
		};
		10D3BC3C27634FFA0057B731 /* Build configuration list for PBXNativeTarget "weather" */ = {
			isa = XCConfigurationList;
			buildConfigurations = (
				10D3BC3D27634FFA0057B731 /* Debug */,
				10D3BC3E27634FFA0057B731 /* Release */,
			);
			defaultConfigurationIsVisible = 0;
			defaultConfigurationName = Release;
		};
		10D3BC3F27634FFA0057B731 /* Build configuration list for PBXNativeTarget "weatherTests" */ = {
			isa = XCConfigurationList;
			buildConfigurations = (
				10D3BC4027634FFA0057B731 /* Debug */,
				10D3BC4127634FFA0057B731 /* Release */,
			);
			defaultConfigurationIsVisible = 0;
			defaultConfigurationName = Release;
		};
		10D3BC4227634FFA0057B731 /* Build configuration list for PBXNativeTarget "weatherUITests" */ = {
			isa = XCConfigurationList;
			buildConfigurations = (
				10D3BC4327634FFA0057B731 /* Debug */,
				10D3BC4427634FFA0057B731 /* Release */,
			);
			defaultConfigurationIsVisible = 0;
			defaultConfigurationName = Release;
		};
/* End XCConfigurationList section */

/* Begin XCRemoteSwiftPackageReference section */
		10D3BC452763522F0057B731 /* XCRemoteSwiftPackageReference "SwiftMessages" */ = {
			isa = XCRemoteSwiftPackageReference;
			repositoryURL = "https://github.com/SwiftKickMobile/SwiftMessages";
			requirement = {
				kind = upToNextMajorVersion;
				minimumVersion = 9.0.0;
			};
		};
/* End XCRemoteSwiftPackageReference section */

/* Begin XCSwiftPackageProductDependency section */
		10D3BC462763522F0057B731 /* SwiftMessages */ = {
			isa = XCSwiftPackageProductDependency;
			package = 10D3BC452763522F0057B731 /* XCRemoteSwiftPackageReference "SwiftMessages" */;
			productName = SwiftMessages;
		};
/* End XCSwiftPackageProductDependency section */

/* Begin XCVersionGroup section */
		10D3BC1B27634FF90057B731 /* weather.xcdatamodeld */ = {
			isa = XCVersionGroup;
			children = (
				10D3BC1C27634FF90057B731 /* weather.xcdatamodel */,
			);
			currentVersion = 10D3BC1C27634FF90057B731 /* weather.xcdatamodel */;
			path = weather.xcdatamodeld;
			sourceTree = "<group>";
			versionGroupType = wrapper.xcdatamodel;
		};
/* End XCVersionGroup section */
	};
	rootObject = 10D3BC0727634FF80057B731 /* Project object */;
}
